
Microsoft Visual Studio Solution File, Format Version 12.00
# Visual Studio Version 17
VisualStudioVersion = 17.8.34330.188
MinimumVisualStudioVersion = 10.0.40219.1
Project("{FAE04EC0-301F-11D3-BF4B-00C04F79EFBC}") = "ClassLibrary1", "ClassLibrary1.csproj", "{BEE6E348-E137-42F1-A021-06B133EFCCE3}"
EndProject
Global
	GlobalSection(SolutionConfigurationPlatforms) = preSolution
		Debug|Any CPU = Debug|Any CPU
		Release|Any CPU = Release|Any CPU
	EndGlobalSection
	GlobalSection(ProjectConfigurationPlatforms) = postSolution
		{BEE6E348-E137-42F1-A021-06B133EFCCE3}.Debug|Any CPU.ActiveCfg = Debug|Any CPU
		{BEE6E348-E137-42F1-A021-06B133EFCCE3}.Debug|Any CPU.Build.0 = Debug|Any CPU
		{BEE6E348-E137-42F1-A021-06B133EFCCE3}.Release|Any CPU.ActiveCfg = Release|Any CPU
		{BEE6E348-E137-42F1-A021-06B133EFCCE3}.Release|Any CPU.Build.0 = Release|Any CPU
	EndGlobalSection
	GlobalSection(SolutionProperties) = preSolution
		HideSolutionNode = FALSE
	EndGlobalSection
	GlobalSection(ExtensibilityGlobals) = postSolution
		SolutionGuid = {4844A2A8-6C79-4A41-9282-DA747C2BAACD}
	EndGlobalSection
EndGlobal
